
Microsoft Visual Studio Solution File, Format Version 12.00
# Visual Studio Version 17
VisualStudioVersion = 17.14.37203.1 d17.14
MinimumVisualStudioVersion = 10.0.40219.1
Project("{FAE04EC0-301F-11D3-BF4B-00C04F79EFBC}") = "WGL2Bridge", "WGL2Bridge.csproj", "{433ACC32-4543-DC22-9D8A-6A95C2D6B18B}"
EndProject
Global
	GlobalSection(SolutionConfigurationPlatforms) = preSolution
		Debug|Any CPU = Debug|Any CPU
		Release|Any CPU = Release|Any CPU
	EndGlobalSection
	GlobalSection(ProjectConfigurationPlatforms) = postSolution
		{433ACC32-4543-DC22-9D8A-6A95C2D6B18B}.Debug|Any CPU.ActiveCfg = Debug|Any CPU
		{433ACC32-4543-DC22-9D8A-6A95C2D6B18B}.Debug|Any CPU.Build.0 = Debug|Any CPU
		{433ACC32-4543-DC22-9D8A-6A95C2D6B18B}.Release|Any CPU.ActiveCfg = Release|Any CPU
		{433ACC32-4543-DC22-9D8A-6A95C2D6B18B}.Release|Any CPU.Build.0 = Release|Any CPU
	EndGlobalSection
	GlobalSection(SolutionProperties) = preSolution
		HideSolutionNode = FALSE
	EndGlobalSection
	GlobalSection(ExtensibilityGlobals) = postSolution
		SolutionGuid = {B242631D-3328-464F-B0A0-65AF5A412950}
	EndGlobalSection
EndGlobal
